
Microsoft Visual Studio Solution File, Format Version 12.00
# Visual Studio Version 16
VisualStudioVersion = 16.0.32228.343
MinimumVisualStudioVersion = 10.0.40219.1
Project("{9A19103F-16F7-4668-BE54-9A1E7A4F7556}") = "IRRIGA", "IRRIGA.csproj", "{DF9C1F73-C379-4648-8E7C-6BD8CB5762A9}"
EndProject
Global
	GlobalSection(SolutionConfigurationPlatforms) = preSolution
		Debug|Any CPU = Debug|Any CPU
		Release|Any CPU = Release|Any CPU
	EndGlobalSection
	GlobalSection(ProjectConfigurationPlatforms) = postSolution
		{DF9C1F73-C379-4648-8E7C-6BD8CB5762A9}.Debug|Any CPU.ActiveCfg = Debug|Any CPU
		{DF9C1F73-C379-4648-8E7C-6BD8CB5762A9}.Debug|Any CPU.Build.0 = Debug|Any CPU
		{DF9C1F73-C379-4648-8E7C-6BD8CB5762A9}.Release|Any CPU.ActiveCfg = Release|Any CPU
		{DF9C1F73-C379-4648-8E7C-6BD8CB5762A9}.Release|Any CPU.Build.0 = Release|Any CPU
	EndGlobalSection
	GlobalSection(SolutionProperties) = preSolution
		HideSolutionNode = FALSE
	EndGlobalSection
	GlobalSection(ExtensibilityGlobals) = postSolution
		SolutionGuid = {69B62CDD-D3AB-49F1-AE89-CA2A8465B0E2}
	EndGlobalSection
EndGlobal
